
Microsoft Visual Studio Solution File, Format Version 12.00
# Visual Studio Version 17
VisualStudioVersion = 17.5.002.0
MinimumVisualStudioVersion = 10.0.40219.1
Project("{9A19103F-16F7-4668-BE54-9A1E7A4F7556}") = "client", "client\client.csproj", "{A21E187D-F941-4F89-BC35-D5D59DA53AF9}"
EndProject
Project("{9A19103F-16F7-4668-BE54-9A1E7A4F7556}") = "databaseServer", "databaseServer\databaseServer.csproj", "{30899CA2-6ACE-40E1-982F-6ECD868D9C90}"
EndProject
Global
	GlobalSection(SolutionConfigurationPlatforms) = preSolution
		Debug|Any CPU = Debug|Any CPU
		Release|Any CPU = Release|Any CPU
	EndGlobalSection
	GlobalSection(ProjectConfigurationPlatforms) = postSolution
		{A21E187D-F941-4F89-BC35-D5D59DA53AF9}.Debug|Any CPU.ActiveCfg = Debug|Any CPU
		{A21E187D-F941-4F89-BC35-D5D59DA53AF9}.Debug|Any CPU.Build.0 = Debug|Any CPU
		{A21E187D-F941-4F89-BC35-D5D59DA53AF9}.Release|Any CPU.ActiveCfg = Release|Any CPU
		{A21E187D-F941-4F89-BC35-D5D59DA53AF9}.Release|Any CPU.Build.0 = Release|Any CPU
		{30899CA2-6ACE-40E1-982F-6ECD868D9C90}.Debug|Any CPU.ActiveCfg = Debug|Any CPU
		{30899CA2-6ACE-40E1-982F-6ECD868D9C90}.Debug|Any CPU.Build.0 = Debug|Any CPU
		{30899CA2-6ACE-40E1-982F-6ECD868D9C90}.Release|Any CPU.ActiveCfg = Release|Any CPU
		{30899CA2-6ACE-40E1-982F-6ECD868D9C90}.Release|Any CPU.Build.0 = Release|Any CPU
	EndGlobalSection
	GlobalSection(SolutionProperties) = preSolution
		HideSolutionNode = FALSE
	EndGlobalSection
	GlobalSection(ExtensibilityGlobals) = postSolution
		SolutionGuid = {8CD4B380-57EE-4EA1-BDF2-FA2529D14F5E}
	EndGlobalSection
EndGlobal
